
Microsoft Visual Studio Solution File, Format Version 12.00
# Visual Studio Version 16
VisualStudioVersion = 16.0.34031.81
MinimumVisualStudioVersion = 10.0.40219.1
Project("{FAE04EC0-301F-11D3-BF4B-00C04F79EFBC}") = "ScrapSQL", "ScrapSQL\ScrapSQL.csproj", "{4C48A34E-5A7F-4994-88FA-56CA6020A6A4}"
EndProject
Global
	GlobalSection(SolutionConfigurationPlatforms) = preSolution
		Debug|Any CPU = Debug|Any CPU
		Release|Any CPU = Release|Any CPU
	EndGlobalSection
	GlobalSection(ProjectConfigurationPlatforms) = postSolution
		{4C48A34E-5A7F-4994-88FA-56CA6020A6A4}.Debug|Any CPU.ActiveCfg = Debug|Any CPU
		{4C48A34E-5A7F-4994-88FA-56CA6020A6A4}.Debug|Any CPU.Build.0 = Debug|Any CPU
		{4C48A34E-5A7F-4994-88FA-56CA6020A6A4}.Release|Any CPU.ActiveCfg = Release|Any CPU
		{4C48A34E-5A7F-4994-88FA-56CA6020A6A4}.Release|Any CPU.Build.0 = Release|Any CPU
	EndGlobalSection
	GlobalSection(SolutionProperties) = preSolution
		HideSolutionNode = FALSE
	EndGlobalSection
	GlobalSection(ExtensibilityGlobals) = postSolution
		SolutionGuid = {721A1E87-52A2-45A1-B2C6-3359EB0C3C95}
	EndGlobalSection
EndGlobal
